
Microsoft Visual Studio Solution File, Format Version 12.00
# Visual Studio 2012
Project("{FAE04EC0-301F-11D3-BF4B-00C04F79EFBC}") = "DailySpending", "DailySpending\DailySpending.csproj", "{C4BAE3A2-CD9B-4F6D-88FA-72844ADDE44E}"
EndProject
Project("{FAE04EC0-301F-11D3-BF4B-00C04F79EFBC}") = "DailySpendingLib", "DailySpendingLib\DailySpendingLib.csproj", "{8953AA5D-4ADB-45B3-84DE-61F837356B7E}"
EndProject
Global
	GlobalSection(SolutionConfigurationPlatforms) = preSolution
		Debug|Any CPU = Debug|Any CPU
		Debug|ARM = Debug|ARM
		Debug|x64 = Debug|x64
		Debug|x86 = Debug|x86
		Release|Any CPU = Release|Any CPU
		Release|ARM = Release|ARM
		Release|x64 = Release|x64
		Release|x86 = Release|x86
	EndGlobalSection
	GlobalSection(ProjectConfigurationPlatforms) = postSolution
		{C4BAE3A2-CD9B-4F6D-88FA-72844ADDE44E}.Debug|Any CPU.ActiveCfg = Debug|Any CPU
		{C4BAE3A2-CD9B-4F6D-88FA-72844ADDE44E}.Debug|Any CPU.Build.0 = Debug|Any CPU
		{C4BAE3A2-CD9B-4F6D-88FA-72844ADDE44E}.Debug|Any CPU.Deploy.0 = Debug|Any CPU
		{C4BAE3A2-CD9B-4F6D-88FA-72844ADDE44E}.Debug|ARM.ActiveCfg = Debug|ARM
		{C4BAE3A2-CD9B-4F6D-88FA-72844ADDE44E}.Debug|ARM.Build.0 = Debug|ARM
		{C4BAE3A2-CD9B-4F6D-88FA-72844ADDE44E}.Debug|ARM.Deploy.0 = Debug|ARM
		{C4BAE3A2-CD9B-4F6D-88FA-72844ADDE44E}.Debug|x64.ActiveCfg = Debug|x64
		{C4BAE3A2-CD9B-4F6D-88FA-72844ADDE44E}.Debug|x64.Build.0 = Debug|x64
		{C4BAE3A2-CD9B-4F6D-88FA-72844ADDE44E}.Debug|x64.Deploy.0 = Debug|x64
		{C4BAE3A2-CD9B-4F6D-88FA-72844ADDE44E}.Debug|x86.ActiveCfg = Debug|x86
		{C4BAE3A2-CD9B-4F6D-88FA-72844ADDE44E}.Debug|x86.Build.0 = Debug|x86
		{C4BAE3A2-CD9B-4F6D-88FA-72844ADDE44E}.Debug|x86.Deploy.0 = Debug|x86
		{C4BAE3A2-CD9B-4F6D-88FA-72844ADDE44E}.Release|Any CPU.ActiveCfg = Release|Any CPU
		{C4BAE3A2-CD9B-4F6D-88FA-72844ADDE44E}.Release|Any CPU.Build.0 = Release|Any CPU
		{C4BAE3A2-CD9B-4F6D-88FA-72844ADDE44E}.Release|Any CPU.Deploy.0 = Release|Any CPU
		{C4BAE3A2-CD9B-4F6D-88FA-72844ADDE44E}.Release|ARM.ActiveCfg = Release|ARM
		{C4BAE3A2-CD9B-4F6D-88FA-72844ADDE44E}.Release|ARM.Build.0 = Release|ARM
		{C4BAE3A2-CD9B-4F6D-88FA-72844ADDE44E}.Release|ARM.Deploy.0 = Release|ARM
		{C4BAE3A2-CD9B-4F6D-88FA-72844ADDE44E}.Release|x64.ActiveCfg = Release|x64
		{C4BAE3A2-CD9B-4F6D-88FA-72844ADDE44E}.Release|x64.Build.0 = Release|x64
		{C4BAE3A2-CD9B-4F6D-88FA-72844ADDE44E}.Release|x64.Deploy.0 = Release|x64
		{C4BAE3A2-CD9B-4F6D-88FA-72844ADDE44E}.Release|x86.ActiveCfg = Release|x86
		{C4BAE3A2-CD9B-4F6D-88FA-72844ADDE44E}.Release|x86.Build.0 = Release|x86
		{C4BAE3A2-CD9B-4F6D-88FA-72844ADDE44E}.Release|x86.Deploy.0 = Release|x86
		{8953AA5D-4ADB-45B3-84DE-61F837356B7E}.Debug|Any CPU.ActiveCfg = Debug|Any CPU
		{8953AA5D-4ADB-45B3-84DE-61F837356B7E}.Debug|Any CPU.Build.0 = Debug|Any CPU
		{8953AA5D-4ADB-45B3-84DE-61F837356B7E}.Debug|ARM.ActiveCfg = Debug|ARM
		{8953AA5D-4ADB-45B3-84DE-61F837356B7E}.Debug|ARM.Build.0 = Debug|ARM
		{8953AA5D-4ADB-45B3-84DE-61F837356B7E}.Debug|x64.ActiveCfg = Debug|x64
		{8953AA5D-4ADB-45B3-84DE-61F837356B7E}.Debug|x64.Build.0 = Debug|x64
		{8953AA5D-4ADB-45B3-84DE-61F837356B7E}.Debug|x86.ActiveCfg = Debug|x86
		{8953AA5D-4ADB-45B3-84DE-61F837356B7E}.Debug|x86.Build.0 = Debug|x86
		{8953AA5D-4ADB-45B3-84DE-61F837356B7E}.Release|Any CPU.ActiveCfg = Release|Any CPU
		{8953AA5D-4ADB-45B3-84DE-61F837356B7E}.Release|Any CPU.Build.0 = Release|Any CPU
		{8953AA5D-4ADB-45B3-84DE-61F837356B7E}.Release|ARM.ActiveCfg = Release|ARM
		{8953AA5D-4ADB-45B3-84DE-61F837356B7E}.Release|ARM.Build.0 = Release|ARM
		{8953AA5D-4ADB-45B3-84DE-61F837356B7E}.Release|x64.ActiveCfg = Release|x64
		{8953AA5D-4ADB-45B3-84DE-61F837356B7E}.Release|x64.Build.0 = Release|x64
		{8953AA5D-4ADB-45B3-84DE-61F837356B7E}.Release|x86.ActiveCfg = Release|x86
		{8953AA5D-4ADB-45B3-84DE-61F837356B7E}.Release|x86.Build.0 = Release|x86
	EndGlobalSection
	GlobalSection(SolutionProperties) = preSolution
		HideSolutionNode = FALSE
	EndGlobalSection
EndGlobal
