
Microsoft Visual Studio Solution File, Format Version 12.00
# Visual Studio 2012
Project("{FAE04EC0-301F-11D3-BF4B-00C04F79EFBC}") = "Webcam_Timelaps_prototype1", "Webcam_Timelaps_prototype1\Webcam_Timelaps_prototype1.csproj", "{F7CDFB15-6642-45C1-9387-CCD0E2756107}"
EndProject
Global
	GlobalSection(SolutionConfigurationPlatforms) = preSolution
		Debug|Any CPU = Debug|Any CPU
		Release|Any CPU = Release|Any CPU
	EndGlobalSection
	GlobalSection(ProjectConfigurationPlatforms) = postSolution
		{F7CDFB15-6642-45C1-9387-CCD0E2756107}.Debug|Any CPU.ActiveCfg = Debug|Any CPU
		{F7CDFB15-6642-45C1-9387-CCD0E2756107}.Debug|Any CPU.Build.0 = Debug|Any CPU
		{F7CDFB15-6642-45C1-9387-CCD0E2756107}.Release|Any CPU.ActiveCfg = Release|Any CPU
		{F7CDFB15-6642-45C1-9387-CCD0E2756107}.Release|Any CPU.Build.0 = Release|Any CPU
	EndGlobalSection
	GlobalSection(SolutionProperties) = preSolution
		HideSolutionNode = FALSE
	EndGlobalSection
EndGlobal
